
Microsoft Visual Studio Solution File, Format Version 12.00
# Visual Studio Version 17
VisualStudioVersion = 17.14.36915.13 d17.14
MinimumVisualStudioVersion = 10.0.40219.1
Project("{FAE04EC0-301F-11D3-BF4B-00C04F79EFBC}") = "LINQ2", "LINQ2\LINQ2.csproj", "{ABAE1F6D-D51F-4A34-ACB5-E7C20706AEEB}"
EndProject
Global
	GlobalSection(SolutionConfigurationPlatforms) = preSolution
		Debug|Any CPU = Debug|Any CPU
		Release|Any CPU = Release|Any CPU
	EndGlobalSection
	GlobalSection(ProjectConfigurationPlatforms) = postSolution
		{ABAE1F6D-D51F-4A34-ACB5-E7C20706AEEB}.Debug|Any CPU.ActiveCfg = Debug|Any CPU
		{ABAE1F6D-D51F-4A34-ACB5-E7C20706AEEB}.Debug|Any CPU.Build.0 = Debug|Any CPU
		{ABAE1F6D-D51F-4A34-ACB5-E7C20706AEEB}.Release|Any CPU.ActiveCfg = Release|Any CPU
		{ABAE1F6D-D51F-4A34-ACB5-E7C20706AEEB}.Release|Any CPU.Build.0 = Release|Any CPU
	EndGlobalSection
	GlobalSection(SolutionProperties) = preSolution
		HideSolutionNode = FALSE
	EndGlobalSection
	GlobalSection(ExtensibilityGlobals) = postSolution
		SolutionGuid = {7FEE6EA9-3087-40D8-8760-5277693FCAAD}
	EndGlobalSection
EndGlobal
